
Microsoft Visual Studio Solution File, Format Version 12.00
# Visual Studio Version 16
VisualStudioVersion = 16.0.32630.194
MinimumVisualStudioVersion = 10.0.40219.1
Project("{FAE04EC0-301F-11D3-BF4B-00C04F79EFBC}") = "Notepad", "Notepad\Notepad.csproj", "{FD1D3212-CD9E-43BB-B210-B178EE5ED5EE}"
EndProject
Global
	GlobalSection(SolutionConfigurationPlatforms) = preSolution
		Debug|Any CPU = Debug|Any CPU
		Release|Any CPU = Release|Any CPU
	EndGlobalSection
	GlobalSection(ProjectConfigurationPlatforms) = postSolution
		{FD1D3212-CD9E-43BB-B210-B178EE5ED5EE}.Debug|Any CPU.ActiveCfg = Debug|Any CPU
		{FD1D3212-CD9E-43BB-B210-B178EE5ED5EE}.Debug|Any CPU.Build.0 = Debug|Any CPU
		{FD1D3212-CD9E-43BB-B210-B178EE5ED5EE}.Release|Any CPU.ActiveCfg = Release|Any CPU
		{FD1D3212-CD9E-43BB-B210-B178EE5ED5EE}.Release|Any CPU.Build.0 = Release|Any CPU
	EndGlobalSection
	GlobalSection(SolutionProperties) = preSolution
		HideSolutionNode = FALSE
	EndGlobalSection
	GlobalSection(ExtensibilityGlobals) = postSolution
		SolutionGuid = {4DBC47B2-209C-4EDF-A0F7-AA2CB6734483}
	EndGlobalSection
EndGlobal
